# Code generated by scarb DO NOT EDIT.
version = 1

[[package]]
name = "aggsig_checker"
version = "0.1.0"
dependencies = [
 "garaga",
]

[[package]]
name = "garaga"
version = "0.15.4"
source = "git+https://github.com/m-kus/garaga?rev=dd7743b4d623eafde5a9671c387d098e2eca5b00#dd7743b4d623eafde5a9671c387d098e2eca5b00"
