# Code generated by scarb DO NOT EDIT.
version = 1

[[package]]
name = "bounded_int"
version = "0.1.0"
source = "git+https://github.com/starkware-libs/stwo-cairo?rev=466480e03618bb5c6a042a8f80a1586364995431#466480e03618bb5c6a042a8f80a1586364995431"

[[package]]
name = "recursive_verifier"
version = "0.1.0"
dependencies = [
 "stwo_cairo_air",
 "stwo_verifier_core",
]

[[package]]
name = "stwo_cairo_air"
version = "0.1.0"
source = "git+https://github.com/starkware-libs/stwo-cairo?rev=466480e03618bb5c6a042a8f80a1586364995431#466480e03618bb5c6a042a8f80a1586364995431"
dependencies = [
 "stwo_constraint_framework",
 "stwo_verifier_core",
]

[[package]]
name = "stwo_constraint_framework"
version = "0.1.0"
source = "git+https://github.com/starkware-libs/stwo-cairo?rev=466480e03618bb5c6a042a8f80a1586364995431#466480e03618bb5c6a042a8f80a1586364995431"
dependencies = [
 "stwo_verifier_core",
]

[[package]]
name = "stwo_verifier_core"
version = "0.1.0"
source = "git+https://github.com/starkware-libs/stwo-cairo?rev=466480e03618bb5c6a042a8f80a1586364995431#466480e03618bb5c6a042a8f80a1586364995431"
dependencies = [
 "bounded_int",
]
