# Code generated by scarb DO NOT EDIT.
version = 1

[[package]]
name = "bounded_int"
version = "0.1.0"
source = "git+https://github.com/starkware-libs/stwo-cairo?rev=ccd15a48d1d1d732bdb8a1e1e769600623896f00#ccd15a48d1d1d732bdb8a1e1e769600623896f00"

[[package]]
name = "recursive_verifier"
version = "0.1.0"
dependencies = [
 "stwo_cairo_air",
 "stwo_verifier_core",
]

[[package]]
name = "stwo_cairo_air"
version = "0.1.0"
source = "git+https://github.com/starkware-libs/stwo-cairo?rev=ccd15a48d1d1d732bdb8a1e1e769600623896f00#ccd15a48d1d1d732bdb8a1e1e769600623896f00"
dependencies = [
 "stwo_constraint_framework",
 "stwo_verifier_core",
]

[[package]]
name = "stwo_constraint_framework"
version = "0.1.0"
source = "git+https://github.com/starkware-libs/stwo-cairo?rev=ccd15a48d1d1d732bdb8a1e1e769600623896f00#ccd15a48d1d1d732bdb8a1e1e769600623896f00"
dependencies = [
 "stwo_verifier_core",
]

[[package]]
name = "stwo_verifier_core"
version = "0.1.0"
source = "git+https://github.com/starkware-libs/stwo-cairo?rev=ccd15a48d1d1d732bdb8a1e1e769600623896f00#ccd15a48d1d1d732bdb8a1e1e769600623896f00"
dependencies = [
 "bounded_int",
]
